
Microsoft Visual Studio Solution File, Format Version 12.00
# Visual Studio Version 17
VisualStudioVersion = 17.10.34928.147
MinimumVisualStudioVersion = 10.0.40219.1
Project("{9A19103F-16F7-4668-BE54-9A1E7A4F7556}") = "Risk", "Risk.csproj", "{1484E23C-F422-439F-A5CC-B0BB2710F263}"
EndProject
Global
	GlobalSection(SolutionConfigurationPlatforms) = preSolution
		Debug|Any CPU = Debug|Any CPU
		Release|Any CPU = Release|Any CPU
	EndGlobalSection
	GlobalSection(ProjectConfigurationPlatforms) = postSolution
		{1484E23C-F422-439F-A5CC-B0BB2710F263}.Debug|Any CPU.ActiveCfg = Debug|Any CPU
		{1484E23C-F422-439F-A5CC-B0BB2710F263}.Debug|Any CPU.Build.0 = Debug|Any CPU
		{1484E23C-F422-439F-A5CC-B0BB2710F263}.Release|Any CPU.ActiveCfg = Release|Any CPU
		{1484E23C-F422-439F-A5CC-B0BB2710F263}.Release|Any CPU.Build.0 = Release|Any CPU
	EndGlobalSection
	GlobalSection(SolutionProperties) = preSolution
		HideSolutionNode = FALSE
	EndGlobalSection
	GlobalSection(ExtensibilityGlobals) = postSolution
		SolutionGuid = {BBC38C3F-ED4D-467C-ABE3-BFE44E0BC8C3}
	EndGlobalSection
EndGlobal
